// !$*UTF8*$!
{
	archiveVersion = 1;
	classes = {
	};
	objectVersion = 50;
	objects = {

/* Begin PBXBuildFile section */
		3F020E60241ED0FB00D68382 /* MainViewControllerViewModel.swift in Sources */ = {isa = PBXBuildFile; fileRef = 3F020E5F241ED0FB00D68382 /* MainViewControllerViewModel.swift */; };
		3F3A2D1423EC72A400EAF372 /* AppDelegate.swift in Sources */ = {isa = PBXBuildFile; fileRef = 3F3A2D1323EC72A400EAF372 /* AppDelegate.swift */; };
		3F3A2D1623EC72A400EAF372 /* SceneDelegate.swift in Sources */ = {isa = PBXBuildFile; fileRef = 3F3A2D1523EC72A400EAF372 /* SceneDelegate.swift */; };
		3F3A2D1823EC72A400EAF372 /* MainViewController.swift in Sources */ = {isa = PBXBuildFile; fileRef = 3F3A2D1723EC72A400EAF372 /* MainViewController.swift */; };
		3F3A2D1D23EC72A800EAF372 /* Assets.xcassets in Resources */ = {isa = PBXBuildFile; fileRef = 3F3A2D1C23EC72A800EAF372 /* Assets.xcassets */; };
		3F3A2D2823F1938300EAF372 /* CountryDetailViewController.swift in Sources */ = {isa = PBXBuildFile; fileRef = 3F3A2D2723F1938300EAF372 /* CountryDetailViewController.swift */; };
		3F3A2D2A23F1971E00EAF372 /* Country.swift in Sources */ = {isa = PBXBuildFile; fileRef = 3F3A2D2923F1971E00EAF372 /* Country.swift */; };
		3F3A2D2C23F19B2B00EAF372 /* CountriesCuriosities.json in Resources */ = {isa = PBXBuildFile; fileRef = 3F3A2D2B23F19B2B00EAF372 /* CountriesCuriosities.json */; };
		3F3A2D2E23F19B5C00EAF372 /* CountriesCuriosities.swift in Sources */ = {isa = PBXBuildFile; fileRef = 3F3A2D2D23F19B5C00EAF372 /* CountriesCuriosities.swift */; };
		3F3A2D3023F1CF0200EAF372 /* CreditViewController.swift in Sources */ = {isa = PBXBuildFile; fileRef = 3F3A2D2F23F1CF0200EAF372 /* CreditViewController.swift */; };
		3F3A2D3223F1DC5B00EAF372 /* Coordinator.swift in Sources */ = {isa = PBXBuildFile; fileRef = 3F3A2D3123F1DC5B00EAF372 /* Coordinator.swift */; };
		3F3A2D3423F1DDA600EAF372 /* MainCoordinator.swift in Sources */ = {isa = PBXBuildFile; fileRef = 3F3A2D3323F1DDA600EAF372 /* MainCoordinator.swift */; };
		3F3A2D3623F1E6E400EAF372 /* CountryTableDataSource.swift in Sources */ = {isa = PBXBuildFile; fileRef = 3F3A2D3523F1E6E400EAF372 /* CountryTableDataSource.swift */; };
/* End PBXBuildFile section */

/* Begin PBXFileReference section */
		3F020E5F241ED0FB00D68382 /* MainViewControllerViewModel.swift */ = {isa = PBXFileReference; lastKnownFileType = sourcecode.swift; path = MainViewControllerViewModel.swift; sourceTree = "<group>"; };
		3F3A2D1023EC72A400EAF372 /* ProjectCountryCuriositiesChallenge.app */ = {isa = PBXFileReference; explicitFileType = wrapper.application; includeInIndex = 0; path = ProjectCountryCuriositiesChallenge.app; sourceTree = BUILT_PRODUCTS_DIR; };
		3F3A2D1323EC72A400EAF372 /* AppDelegate.swift */ = {isa = PBXFileReference; lastKnownFileType = sourcecode.swift; path = AppDelegate.swift; sourceTree = "<group>"; };
		3F3A2D1523EC72A400EAF372 /* SceneDelegate.swift */ = {isa = PBXFileReference; lastKnownFileType = sourcecode.swift; path = SceneDelegate.swift; sourceTree = "<group>"; };
		3F3A2D1723EC72A400EAF372 /* MainViewController.swift */ = {isa = PBXFileReference; lastKnownFileType = sourcecode.swift; path = MainViewController.swift; sourceTree = "<group>"; };
		3F3A2D1C23EC72A800EAF372 /* Assets.xcassets */ = {isa = PBXFileReference; lastKnownFileType = folder.assetcatalog; path = Assets.xcassets; sourceTree = "<group>"; };
		3F3A2D2123EC72A800EAF372 /* Info.plist */ = {isa = PBXFileReference; lastKnownFileType = text.plist.xml; path = Info.plist; sourceTree = "<group>"; };
		3F3A2D2723F1938300EAF372 /* CountryDetailViewController.swift */ = {isa = PBXFileReference; lastKnownFileType = sourcecode.swift; path = CountryDetailViewController.swift; sourceTree = "<group>"; };
		3F3A2D2923F1971E00EAF372 /* Country.swift */ = {isa = PBXFileReference; lastKnownFileType = sourcecode.swift; path = Country.swift; sourceTree = "<group>"; };
		3F3A2D2B23F19B2B00EAF372 /* CountriesCuriosities.json */ = {isa = PBXFileReference; fileEncoding = 4; lastKnownFileType = text.json; path = CountriesCuriosities.json; sourceTree = "<group>"; };
		3F3A2D2D23F19B5C00EAF372 /* CountriesCuriosities.swift */ = {isa = PBXFileReference; lastKnownFileType = sourcecode.swift; path = CountriesCuriosities.swift; sourceTree = "<group>"; };
		3F3A2D2F23F1CF0200EAF372 /* CreditViewController.swift */ = {isa = PBXFileReference; lastKnownFileType = sourcecode.swift; path = CreditViewController.swift; sourceTree = "<group>"; };
		3F3A2D3123F1DC5B00EAF372 /* Coordinator.swift */ = {isa = PBXFileReference; lastKnownFileType = sourcecode.swift; path = Coordinator.swift; sourceTree = "<group>"; };
		3F3A2D3323F1DDA600EAF372 /* MainCoordinator.swift */ = {isa = PBXFileReference; lastKnownFileType = sourcecode.swift; path = MainCoordinator.swift; sourceTree = "<group>"; };
		3F3A2D3523F1E6E400EAF372 /* CountryTableDataSource.swift */ = {isa = PBXFileReference; lastKnownFileType = sourcecode.swift; path = CountryTableDataSource.swift; sourceTree = "<group>"; };
/* End PBXFileReference section */

/* Begin PBXFrameworksBuildPhase section */
		3F3A2D0D23EC72A400EAF372 /* Frameworks */ = {
			isa = PBXFrameworksBuildPhase;
			buildActionMask = 2147483647;
			files = (
			);
			runOnlyForDeploymentPostprocessing = 0;
		};
/* End PBXFrameworksBuildPhase section */

/* Begin PBXGroup section */
		3F3A2D0723EC72A400EAF372 = {
			isa = PBXGroup;
			children = (
				3F3A2D1223EC72A400EAF372 /* ProjectCountryCuriositiesChallenge */,
				3F3A2D1123EC72A400EAF372 /* Products */,
			);
			sourceTree = "<group>";
		};
		3F3A2D1123EC72A400EAF372 /* Products */ = {
			isa = PBXGroup;
			children = (
				3F3A2D1023EC72A400EAF372 /* ProjectCountryCuriositiesChallenge.app */,
			);
			name = Products;
			sourceTree = "<group>";
		};
		3F3A2D1223EC72A400EAF372 /* ProjectCountryCuriositiesChallenge */ = {
			isa = PBXGroup;
			children = (
				3F3A2D1323EC72A400EAF372 /* AppDelegate.swift */,
				3F3A2D1523EC72A400EAF372 /* SceneDelegate.swift */,
				3F3A2D1723EC72A400EAF372 /* MainViewController.swift */,
				3F020E5F241ED0FB00D68382 /* MainViewControllerViewModel.swift */,
				3F3A2D2723F1938300EAF372 /* CountryDetailViewController.swift */,
				3F3A2D2F23F1CF0200EAF372 /* CreditViewController.swift */,
				3F3A2D3323F1DDA600EAF372 /* MainCoordinator.swift */,
				3F3A2D3523F1E6E400EAF372 /* CountryTableDataSource.swift */,
				3F3A2D3123F1DC5B00EAF372 /* Coordinator.swift */,
				3F3A2D2D23F19B5C00EAF372 /* CountriesCuriosities.swift */,
				3F3A2D2923F1971E00EAF372 /* Country.swift */,
				3F3A2D2B23F19B2B00EAF372 /* CountriesCuriosities.json */,
				3F3A2D1C23EC72A800EAF372 /* Assets.xcassets */,
				3F3A2D2123EC72A800EAF372 /* Info.plist */,
			);
			path = ProjectCountryCuriositiesChallenge;
			sourceTree = "<group>";
		};
/* End PBXGroup section */

/* Begin PBXNativeTarget section */
		3F3A2D0F23EC72A400EAF372 /* ProjectCountryCuriositiesChallenge */ = {
			isa = PBXNativeTarget;
			buildConfigurationList = 3F3A2D2423EC72A800EAF372 /* Build configuration list for PBXNativeTarget "ProjectCountryCuriositiesChallenge" */;
			buildPhases = (
				3F3A2D0C23EC72A400EAF372 /* Sources */,
				3F3A2D0D23EC72A400EAF372 /* Frameworks */,
				3F3A2D0E23EC72A400EAF372 /* Resources */,
			);
			buildRules = (
			);
			dependencies = (
			);
			name = ProjectCountryCuriositiesChallenge;
			productName = ProjectCountryCuriositiesChallenge;
			productReference = 3F3A2D1023EC72A400EAF372 /* ProjectCountryCuriositiesChallenge.app */;
			productType = "com.apple.product-type.application";
		};
/* End PBXNativeTarget section */

/* Begin PBXProject section */
		3F3A2D0823EC72A400EAF372 /* Project object */ = {
			isa = PBXProject;
			attributes = {
				LastSwiftUpdateCheck = 1110;
				LastUpgradeCheck = 1110;
				ORGANIZATIONNAME = "Ana e Leo Corp";
				TargetAttributes = {
					3F3A2D0F23EC72A400EAF372 = {
						CreatedOnToolsVersion = 11.1;
					};
				};
			};
			buildConfigurationList = 3F3A2D0B23EC72A400EAF372 /* Build configuration list for PBXProject "ProjectCountryCuriositiesChallenge" */;
			compatibilityVersion = "Xcode 9.3";
			developmentRegion = en;
			hasScannedForEncodings = 0;
			knownRegions = (
				en,
				Base,
			);
			mainGroup = 3F3A2D0723EC72A400EAF372;
			productRefGroup = 3F3A2D1123EC72A400EAF372 /* Products */;
			projectDirPath = "";
			projectRoot = "";
			targets = (
				3F3A2D0F23EC72A400EAF372 /* ProjectCountryCuriositiesChallenge */,
			);
		};
/* End PBXProject section */

/* Begin PBXResourcesBuildPhase section */
		3F3A2D0E23EC72A400EAF372 /* Resources */ = {
			isa = PBXResourcesBuildPhase;
			buildActionMask = 2147483647;
			files = (
				3F3A2D2C23F19B2B00EAF372 /* CountriesCuriosities.json in Resources */,
				3F3A2D1D23EC72A800EAF372 /* Assets.xcassets in Resources */,
			);
			runOnlyForDeploymentPostprocessing = 0;
		};
/* End PBXResourcesBuildPhase section */

/* Begin PBXSourcesBuildPhase section */
		3F3A2D0C23EC72A400EAF372 /* Sources */ = {
			isa = PBXSourcesBuildPhase;
			buildActionMask = 2147483647;
			files = (
				3F3A2D3023F1CF0200EAF372 /* CreditViewController.swift in Sources */,
				3F3A2D3223F1DC5B00EAF372 /* Coordinator.swift in Sources */,
				3F020E60241ED0FB00D68382 /* MainViewControllerViewModel.swift in Sources */,
				3F3A2D3623F1E6E400EAF372 /* CountryTableDataSource.swift in Sources */,
				3F3A2D2823F1938300EAF372 /* CountryDetailViewController.swift in Sources */,
				3F3A2D1823EC72A400EAF372 /* MainViewController.swift in Sources */,
				3F3A2D1423EC72A400EAF372 /* AppDelegate.swift in Sources */,
				3F3A2D2A23F1971E00EAF372 /* Country.swift in Sources */,
				3F3A2D2E23F19B5C00EAF372 /* CountriesCuriosities.swift in Sources */,
				3F3A2D3423F1DDA600EAF372 /* MainCoordinator.swift in Sources */,
				3F3A2D1623EC72A400EAF372 /* SceneDelegate.swift in Sources */,
			);
			runOnlyForDeploymentPostprocessing = 0;
		};
/* End PBXSourcesBuildPhase section */

/* Begin XCBuildConfiguration section */
		3F3A2D2223EC72A800EAF372 /* Debug */ = {
			isa = XCBuildConfiguration;
			buildSettings = {
				ALWAYS_SEARCH_USER_PATHS = NO;
				CLANG_ANALYZER_NONNULL = YES;
				CLANG_ANALYZER_NUMBER_OBJECT_CONVERSION = YES_AGGRESSIVE;
				CLANG_CXX_LANGUAGE_STANDARD = "gnu++14";
				CLANG_CXX_LIBRARY = "libc++";
				CLANG_ENABLE_MODULES = YES;
				CLANG_ENABLE_OBJC_ARC = YES;
				CLANG_ENABLE_OBJC_WEAK = YES;
				CLANG_WARN_BLOCK_CAPTURE_AUTORELEASING = YES;
				CLANG_WARN_BOOL_CONVERSION = YES;
				CLANG_WARN_COMMA = YES;
				CLANG_WARN_CONSTANT_CONVERSION = YES;
				CLANG_WARN_DEPRECATED_OBJC_IMPLEMENTATIONS = YES;
				CLANG_WARN_DIRECT_OBJC_ISA_USAGE = YES_ERROR;
				CLANG_WARN_DOCUMENTATION_COMMENTS = YES;
				CLANG_WARN_EMPTY_BODY = YES;
				CLANG_WARN_ENUM_CONVERSION = YES;
				CLANG_WARN_INFINITE_RECURSION = YES;
				CLANG_WARN_INT_CONVERSION = YES;
				CLANG_WARN_NON_LITERAL_NULL_CONVERSION = YES;
				CLANG_WARN_OBJC_IMPLICIT_RETAIN_SELF = YES;
				CLANG_WARN_OBJC_LITERAL_CONVERSION = YES;
				CLANG_WARN_OBJC_ROOT_CLASS = YES_ERROR;
				CLANG_WARN_RANGE_LOOP_ANALYSIS = YES;
				CLANG_WARN_STRICT_PROTOTYPES = YES;
				CLANG_WARN_SUSPICIOUS_MOVE = YES;
				CLANG_WARN_UNGUARDED_AVAILABILITY = YES_AGGRESSIVE;
				CLANG_WARN_UNREACHABLE_CODE = YES;
				CLANG_WARN__DUPLICATE_METHOD_MATCH = YES;
				COPY_PHASE_STRIP = NO;
				DEBUG_INFORMATION_FORMAT = dwarf;
				ENABLE_STRICT_OBJC_MSGSEND = YES;
				ENABLE_TESTABILITY = YES;
				GCC_C_LANGUAGE_STANDARD = gnu11;
				GCC_DYNAMIC_NO_PIC = NO;
				GCC_NO_COMMON_BLOCKS = YES;
				GCC_OPTIMIZATION_LEVEL = 0;
				GCC_PREPROCESSOR_DEFINITIONS = (
					"DEBUG=1",
					"$(inherited)",
				);
				GCC_WARN_64_TO_32_BIT_CONVERSION = YES;
				GCC_WARN_ABOUT_RETURN_TYPE = YES_ERROR;
				GCC_WARN_UNDECLARED_SELECTOR = YES;
				GCC_WARN_UNINITIALIZED_AUTOS = YES_AGGRESSIVE;
				GCC_WARN_UNUSED_FUNCTION = YES;
				GCC_WARN_UNUSED_VARIABLE = YES;
				IPHONEOS_DEPLOYMENT_TARGET = 13.1;
				MTL_ENABLE_DEBUG_INFO = INCLUDE_SOURCE;
				MTL_FAST_MATH = YES;
				ONLY_ACTIVE_ARCH = YES;
				SDKROOT = iphoneos;
				SWIFT_ACTIVE_COMPILATION_CONDITIONS = DEBUG;
				SWIFT_OPTIMIZATION_LEVEL = "-Onone";
			};
			name = Debug;
		};
		3F3A2D2323EC72A800EAF372 /* Release */ = {
			isa = XCBuildConfiguration;
			buildSettings = {
				ALWAYS_SEARCH_USER_PATHS = NO;
				CLANG_ANALYZER_NONNULL = YES;
				CLANG_ANALYZER_NUMBER_OBJECT_CONVERSION = YES_AGGRESSIVE;
				CLANG_CXX_LANGUAGE_STANDARD = "gnu++14";
				CLANG_CXX_LIBRARY = "libc++";
				CLANG_ENABLE_MODULES = YES;
				CLANG_ENABLE_OBJC_ARC = YES;
				CLANG_ENABLE_OBJC_WEAK = YES;
				CLANG_WARN_BLOCK_CAPTURE_AUTORELEASING = YES;
				CLANG_WARN_BOOL_CONVERSION = YES;
				CLANG_WARN_COMMA = YES;
				CLANG_WARN_CONSTANT_CONVERSION = YES;
				CLANG_WARN_DEPRECATED_OBJC_IMPLEMENTATIONS = YES;
				CLANG_WARN_DIRECT_OBJC_ISA_USAGE = YES_ERROR;
				CLANG_WARN_DOCUMENTATION_COMMENTS = YES;
				CLANG_WARN_EMPTY_BODY = YES;
				CLANG_WARN_ENUM_CONVERSION = YES;
				CLANG_WARN_INFINITE_RECURSION = YES;
				CLANG_WARN_INT_CONVERSION = YES;
				CLANG_WARN_NON_LITERAL_NULL_CONVERSION = YES;
				CLANG_WARN_OBJC_IMPLICIT_RETAIN_SELF = YES;
				CLANG_WARN_OBJC_LITERAL_CONVERSION = YES;
				CLANG_WARN_OBJC_ROOT_CLASS = YES_ERROR;
				CLANG_WARN_RANGE_LOOP_ANALYSIS = YES;
				CLANG_WARN_STRICT_PROTOTYPES = YES;
				CLANG_WARN_SUSPICIOUS_MOVE = YES;
				CLANG_WARN_UNGUARDED_AVAILABILITY = YES_AGGRESSIVE;
				CLANG_WARN_UNREACHABLE_CODE = YES;
				CLANG_WARN__DUPLICATE_METHOD_MATCH = YES;
				COPY_PHASE_STRIP = NO;
				DEBUG_INFORMATION_FORMAT = "dwarf-with-dsym";
				ENABLE_NS_ASSERTIONS = NO;
				ENABLE_STRICT_OBJC_MSGSEND = YES;
				GCC_C_LANGUAGE_STANDARD = gnu11;
				GCC_NO_COMMON_BLOCKS = YES;
				GCC_WARN_64_TO_32_BIT_CONVERSION = YES;
				GCC_WARN_ABOUT_RETURN_TYPE = YES_ERROR;
				GCC_WARN_UNDECLARED_SELECTOR = YES;
				GCC_WARN_UNINITIALIZED_AUTOS = YES_AGGRESSIVE;
				GCC_WARN_UNUSED_FUNCTION = YES;
				GCC_WARN_UNUSED_VARIABLE = YES;
				IPHONEOS_DEPLOYMENT_TARGET = 13.1;
				MTL_ENABLE_DEBUG_INFO = NO;
				MTL_FAST_MATH = YES;
				SDKROOT = iphoneos;
				SWIFT_COMPILATION_MODE = wholemodule;
				SWIFT_OPTIMIZATION_LEVEL = "-O";
				VALIDATE_PRODUCT = YES;
			};
			name = Release;
		};
		3F3A2D2523EC72A800EAF372 /* Debug */ = {
			isa = XCBuildConfiguration;
			buildSettings = {
				ASSETCATALOG_COMPILER_APPICON_NAME = AppIcon;
				CODE_SIGN_STYLE = Automatic;
				DEVELOPMENT_TEAM = V53CJ86VCG;
				INFOPLIST_FILE = ProjectCountryCuriositiesChallenge/Info.plist;
				LD_RUNPATH_SEARCH_PATHS = (
					"$(inherited)",
					"@executable_path/Frameworks",
				);
				PRODUCT_BUNDLE_IDENTIFIER = com.examples.ProjectCountryCuriositiesChallenge;
				PRODUCT_NAME = "$(TARGET_NAME)";
				SWIFT_VERSION = 5.0;
				TARGETED_DEVICE_FAMILY = "1,2";
			};
			name = Debug;
		};
		3F3A2D2623EC72A800EAF372 /* Release */ = {
			isa = XCBuildConfiguration;
			buildSettings = {
				ASSETCATALOG_COMPILER_APPICON_NAME = AppIcon;
				CODE_SIGN_STYLE = Automatic;
				DEVELOPMENT_TEAM = V53CJ86VCG;
				INFOPLIST_FILE = ProjectCountryCuriositiesChallenge/Info.plist;
				LD_RUNPATH_SEARCH_PATHS = (
					"$(inherited)",
					"@executable_path/Frameworks",
				);
				PRODUCT_BUNDLE_IDENTIFIER = com.examples.ProjectCountryCuriositiesChallenge;
				PRODUCT_NAME = "$(TARGET_NAME)";
				SWIFT_VERSION = 5.0;
				TARGETED_DEVICE_FAMILY = "1,2";
			};
			name = Release;
		};
/* End XCBuildConfiguration section */

/* Begin XCConfigurationList section */
		3F3A2D0B23EC72A400EAF372 /* Build configuration list for PBXProject "ProjectCountryCuriositiesChallenge" */ = {
			isa = XCConfigurationList;
			buildConfigurations = (
				3F3A2D2223EC72A800EAF372 /* Debug */,
				3F3A2D2323EC72A800EAF372 /* Release */,
			);
			defaultConfigurationIsVisible = 0;
			defaultConfigurationName = Release;
		};
		3F3A2D2423EC72A800EAF372 /* Build configuration list for PBXNativeTarget "ProjectCountryCuriositiesChallenge" */ = {
			isa = XCConfigurationList;
			buildConfigurations = (
				3F3A2D2523EC72A800EAF372 /* Debug */,
				3F3A2D2623EC72A800EAF372 /* Release */,
			);
			defaultConfigurationIsVisible = 0;
			defaultConfigurationName = Release;
		};
/* End XCConfigurationList section */
	};
	rootObject = 3F3A2D0823EC72A400EAF372 /* Project object */;
}
